
Microsoft Visual Studio Solution File, Format Version 12.00
# Visual Studio Version 16
VisualStudioVersion = 16.0.32413.511
MinimumVisualStudioVersion = 10.0.40219.1
Project("{FAE04EC0-301F-11D3-BF4B-00C04F79EFBC}") = "AsyncRedisProject", "AsyncRedisProject\AsyncRedisProject.csproj", "{C283354F-304E-4020-858E-A58D106DE094}"
EndProject
Project("{FAE04EC0-301F-11D3-BF4B-00C04F79EFBC}") = "EmailServiceProject", "EmailServiceProject\EmailServiceProject.csproj", "{FD4618A4-23EA-4445-9C82-586FB4B9CAA1}"
EndProject
Project("{FAE04EC0-301F-11D3-BF4B-00C04F79EFBC}") = "MessageServiceProject", "MessageServiceProject\MessageServiceProject.csproj", "{1E270451-0F68-4E73-8C77-956287FA34CE}"
EndProject
Global
	GlobalSection(SolutionConfigurationPlatforms) = preSolution
		Debug|Any CPU = Debug|Any CPU
		Release|Any CPU = Release|Any CPU
	EndGlobalSection
	GlobalSection(ProjectConfigurationPlatforms) = postSolution
		{C283354F-304E-4020-858E-A58D106DE094}.Debug|Any CPU.ActiveCfg = Debug|Any CPU
		{C283354F-304E-4020-858E-A58D106DE094}.Debug|Any CPU.Build.0 = Debug|Any CPU
		{C283354F-304E-4020-858E-A58D106DE094}.Release|Any CPU.ActiveCfg = Release|Any CPU
		{C283354F-304E-4020-858E-A58D106DE094}.Release|Any CPU.Build.0 = Release|Any CPU
		{FD4618A4-23EA-4445-9C82-586FB4B9CAA1}.Debug|Any CPU.ActiveCfg = Debug|Any CPU
		{FD4618A4-23EA-4445-9C82-586FB4B9CAA1}.Debug|Any CPU.Build.0 = Debug|Any CPU
		{FD4618A4-23EA-4445-9C82-586FB4B9CAA1}.Release|Any CPU.ActiveCfg = Release|Any CPU
		{FD4618A4-23EA-4445-9C82-586FB4B9CAA1}.Release|Any CPU.Build.0 = Release|Any CPU
		{1E270451-0F68-4E73-8C77-956287FA34CE}.Debug|Any CPU.ActiveCfg = Debug|Any CPU
		{1E270451-0F68-4E73-8C77-956287FA34CE}.Debug|Any CPU.Build.0 = Debug|Any CPU
		{1E270451-0F68-4E73-8C77-956287FA34CE}.Release|Any CPU.ActiveCfg = Release|Any CPU
		{1E270451-0F68-4E73-8C77-956287FA34CE}.Release|Any CPU.Build.0 = Release|Any CPU
	EndGlobalSection
	GlobalSection(SolutionProperties) = preSolution
		HideSolutionNode = FALSE
	EndGlobalSection
	GlobalSection(ExtensibilityGlobals) = postSolution
		SolutionGuid = {A5F09180-F47D-4BB8-872F-A9C3BD62512E}
	EndGlobalSection
EndGlobal
